
Microsoft Visual Studio Solution File, Format Version 12.00
# Visual Studio Version 16
VisualStudioVersion = 16.0.30615.102
MinimumVisualStudioVersion = 10.0.40219.1
Project("{9A19103F-16F7-4668-BE54-9A1E7A4F7556}") = "WebAppRp_Anc31_NoAuth_1", "WebAppRp_Anc31_NoAuth_1\WebAppRp_Anc31_NoAuth_1.csproj", "{EEE87D16-831D-4FE0-AFEF-FD56FD705EAE}"
EndProject
Global
	GlobalSection(SolutionConfigurationPlatforms) = preSolution
		Debug|Any CPU = Debug|Any CPU
		Release|Any CPU = Release|Any CPU
	EndGlobalSection
	GlobalSection(ProjectConfigurationPlatforms) = postSolution
		{EEE87D16-831D-4FE0-AFEF-FD56FD705EAE}.Debug|Any CPU.ActiveCfg = Debug|Any CPU
		{EEE87D16-831D-4FE0-AFEF-FD56FD705EAE}.Debug|Any CPU.Build.0 = Debug|Any CPU
		{EEE87D16-831D-4FE0-AFEF-FD56FD705EAE}.Release|Any CPU.ActiveCfg = Release|Any CPU
		{EEE87D16-831D-4FE0-AFEF-FD56FD705EAE}.Release|Any CPU.Build.0 = Release|Any CPU
	EndGlobalSection
	GlobalSection(SolutionProperties) = preSolution
		HideSolutionNode = FALSE
	EndGlobalSection
	GlobalSection(ExtensibilityGlobals) = postSolution
		SolutionGuid = {CF3EF8D3-FF8A-4F37-8219-EBADA110F213}
	EndGlobalSection
EndGlobal
